
Microsoft Visual Studio Solution File, Format Version 12.00
# Visual Studio Version 17
VisualStudioVersion = 17.1.32104.313
MinimumVisualStudioVersion = 10.0.40219.1
Project("{FAE04EC0-301F-11D3-BF4B-00C04F79EFBC}") = "MauiLibExample", "MauiLibExample\MauiLibExample.csproj", "{2E7C1EF5-DEE3-4D0B-9EA4-48F7902970EC}"
EndProject
Global
	GlobalSection(SolutionConfigurationPlatforms) = preSolution
		Debug|Any CPU = Debug|Any CPU
		Release|Any CPU = Release|Any CPU
	EndGlobalSection
	GlobalSection(ProjectConfigurationPlatforms) = postSolution
		{2E7C1EF5-DEE3-4D0B-9EA4-48F7902970EC}.Debug|Any CPU.ActiveCfg = Debug|Any CPU
		{2E7C1EF5-DEE3-4D0B-9EA4-48F7902970EC}.Debug|Any CPU.Build.0 = Debug|Any CPU
		{2E7C1EF5-DEE3-4D0B-9EA4-48F7902970EC}.Release|Any CPU.ActiveCfg = Release|Any CPU
		{2E7C1EF5-DEE3-4D0B-9EA4-48F7902970EC}.Release|Any CPU.Build.0 = Release|Any CPU
	EndGlobalSection
	GlobalSection(SolutionProperties) = preSolution
		HideSolutionNode = FALSE
	EndGlobalSection
	GlobalSection(ExtensibilityGlobals) = postSolution
		SolutionGuid = {2C939546-DCAE-42DB-A8AC-DD5B5168D7CD}
	EndGlobalSection
EndGlobal
